golang.org/x/net v0.0.0-20220822230855-b0a4917ee28c h1:JVAXQ10yGGVbSyoer5VILysz6YKjdNT2bsvlayjqhes=
golang.org/x/net v0.0.0-20220822230855-b0a4917ee28c/go.mod h1:YDH+HFinaLZZlnHAfSS6ZXJJ9M9t4Dl22yv3iI2vPwk=
golang.org/x/sync v0.0.0-20220819030929-7fc1605a5dde h1:ejfdSekXMDxDLbRrJMwUk6KnSLZ2McaUCVcIKM+N6jc=
golang.org/x/sync v0.0.0-20220819030929-7fc1605a5dde/go.mod h1:RxMgew5VJxzue5/jJTE5uejpjVlOe/izrB70Jof72aM=
